
Microsoft Visual Studio Solution File, Format Version 12.00
# Visual Studio Version 16
VisualStudioVersion = 16.0.29123.88
MinimumVisualStudioVersion = 10.0.40219.1
Project("{9A19103F-16F7-4668-BE54-9A1E7A4F7556}") = "OnTheFly", "OnTheFly.csproj", "{11EE8B67-19EC-483F-9D01-29AF8176CEB2}"
EndProject
Global
	GlobalSection(SolutionConfigurationPlatforms) = preSolution
		Debug|Any CPU = Debug|Any CPU
		Release|Any CPU = Release|Any CPU
	EndGlobalSection
	GlobalSection(ProjectConfigurationPlatforms) = postSolution
		{11EE8B67-19EC-483F-9D01-29AF8176CEB2}.Debug|Any CPU.ActiveCfg = Debug|Any CPU
		{11EE8B67-19EC-483F-9D01-29AF8176CEB2}.Debug|Any CPU.Build.0 = Debug|Any CPU
		{11EE8B67-19EC-483F-9D01-29AF8176CEB2}.Release|Any CPU.ActiveCfg = Release|Any CPU
		{11EE8B67-19EC-483F-9D01-29AF8176CEB2}.Release|Any CPU.Build.0 = Release|Any CPU
	EndGlobalSection
	GlobalSection(SolutionProperties) = preSolution
		HideSolutionNode = FALSE
	EndGlobalSection
	GlobalSection(ExtensibilityGlobals) = postSolution
		SolutionGuid = {F0EA8806-D0B9-49A3-8287-FC1E93FE278F}
	EndGlobalSection
EndGlobal
